
Microsoft Visual Studio Solution File, Format Version 12.00
# Visual Studio Version 16
VisualStudioVersion = 16.0.31410.357
MinimumVisualStudioVersion = 10.0.40219.1
Project("{9A19103F-16F7-4668-BE54-9A1E7A4F7556}") = "TemperatureRetreiver", "TemperatureRetreiver.csproj", "{27A1D92B-C0B3-4564-9330-5E4D4C6D4FDF}"
EndProject
Project("{9A19103F-16F7-4668-BE54-9A1E7A4F7556}") = "Service", "..\Service\Service.csproj", "{5B7164B3-FB75-408C-AC11-57A01809AF37}"
EndProject
Project("{9A19103F-16F7-4668-BE54-9A1E7A4F7556}") = "Configuration", "..\Configuration\Configuration.csproj", "{D0B172F2-DC9E-4916-8615-D983F07815D9}"
EndProject
Project("{FAE04EC0-301F-11D3-BF4B-00C04F79EFBC}") = "UnitTests", "..\UnitTests\UnitTests.csproj", "{61ADB106-A58B-43EC-9736-F1A3FB97EBBF}"
EndProject
Global
	GlobalSection(SolutionConfigurationPlatforms) = preSolution
		Debug|Any CPU = Debug|Any CPU
		Release|Any CPU = Release|Any CPU
	EndGlobalSection
	GlobalSection(ProjectConfigurationPlatforms) = postSolution
		{27A1D92B-C0B3-4564-9330-5E4D4C6D4FDF}.Debug|Any CPU.ActiveCfg = Debug|Any CPU
		{27A1D92B-C0B3-4564-9330-5E4D4C6D4FDF}.Debug|Any CPU.Build.0 = Debug|Any CPU
		{27A1D92B-C0B3-4564-9330-5E4D4C6D4FDF}.Release|Any CPU.ActiveCfg = Release|Any CPU
		{27A1D92B-C0B3-4564-9330-5E4D4C6D4FDF}.Release|Any CPU.Build.0 = Release|Any CPU
		{5B7164B3-FB75-408C-AC11-57A01809AF37}.Debug|Any CPU.ActiveCfg = Debug|Any CPU
		{5B7164B3-FB75-408C-AC11-57A01809AF37}.Debug|Any CPU.Build.0 = Debug|Any CPU
		{5B7164B3-FB75-408C-AC11-57A01809AF37}.Release|Any CPU.ActiveCfg = Release|Any CPU
		{5B7164B3-FB75-408C-AC11-57A01809AF37}.Release|Any CPU.Build.0 = Release|Any CPU
		{D0B172F2-DC9E-4916-8615-D983F07815D9}.Debug|Any CPU.ActiveCfg = Debug|Any CPU
		{D0B172F2-DC9E-4916-8615-D983F07815D9}.Debug|Any CPU.Build.0 = Debug|Any CPU
		{D0B172F2-DC9E-4916-8615-D983F07815D9}.Release|Any CPU.ActiveCfg = Release|Any CPU
		{D0B172F2-DC9E-4916-8615-D983F07815D9}.Release|Any CPU.Build.0 = Release|Any CPU
		{61ADB106-A58B-43EC-9736-F1A3FB97EBBF}.Debug|Any CPU.ActiveCfg = Debug|Any CPU
		{61ADB106-A58B-43EC-9736-F1A3FB97EBBF}.Debug|Any CPU.Build.0 = Debug|Any CPU
		{61ADB106-A58B-43EC-9736-F1A3FB97EBBF}.Release|Any CPU.ActiveCfg = Release|Any CPU
		{61ADB106-A58B-43EC-9736-F1A3FB97EBBF}.Release|Any CPU.Build.0 = Release|Any CPU
	EndGlobalSection
	GlobalSection(SolutionProperties) = preSolution
		HideSolutionNode = FALSE
	EndGlobalSection
	GlobalSection(ExtensibilityGlobals) = postSolution
		SolutionGuid = {9BAC8D10-55DA-42F2-8B24-019B65419A7A}
	EndGlobalSection
EndGlobal
